
Microsoft Visual Studio Solution File, Format Version 12.00
# Visual Studio Version 17
VisualStudioVersion = 17.7.34031.279
MinimumVisualStudioVersion = 10.0.40219.1
Project("{9A19103F-16F7-4668-BE54-9A1E7A4F7556}") = "StoriesProject", "StoriesProject\StoriesProject.csproj", "{DB73FDDA-5109-4816-BE66-959E924AA5B9}"
EndProject
Project("{9A19103F-16F7-4668-BE54-9A1E7A4F7556}") = "StoriesProject.API", "StoriesProject.API\StoriesProject.API.csproj", "{5A248F60-B127-4BB4-A32B-C4FEEB48DD3C}"
EndProject
Global
	GlobalSection(SolutionConfigurationPlatforms) = preSolution
		Debug|Any CPU = Debug|Any CPU
		Release|Any CPU = Release|Any CPU
	EndGlobalSection
	GlobalSection(ProjectConfigurationPlatforms) = postSolution
		{DB73FDDA-5109-4816-BE66-959E924AA5B9}.Debug|Any CPU.ActiveCfg = Debug|Any CPU
		{DB73FDDA-5109-4816-BE66-959E924AA5B9}.Debug|Any CPU.Build.0 = Debug|Any CPU
		{DB73FDDA-5109-4816-BE66-959E924AA5B9}.Release|Any CPU.ActiveCfg = Release|Any CPU
		{DB73FDDA-5109-4816-BE66-959E924AA5B9}.Release|Any CPU.Build.0 = Release|Any CPU
		{5A248F60-B127-4BB4-A32B-C4FEEB48DD3C}.Debug|Any CPU.ActiveCfg = Debug|Any CPU
		{5A248F60-B127-4BB4-A32B-C4FEEB48DD3C}.Debug|Any CPU.Build.0 = Debug|Any CPU
		{5A248F60-B127-4BB4-A32B-C4FEEB48DD3C}.Release|Any CPU.ActiveCfg = Release|Any CPU
		{5A248F60-B127-4BB4-A32B-C4FEEB48DD3C}.Release|Any CPU.Build.0 = Release|Any CPU
	EndGlobalSection
	GlobalSection(SolutionProperties) = preSolution
		HideSolutionNode = FALSE
	EndGlobalSection
	GlobalSection(ExtensibilityGlobals) = postSolution
		SolutionGuid = {226CEEA2-18F2-4BBD-9637-8F059A4E5C54}
	EndGlobalSection
EndGlobal
